// !$*UTF8*$!
{
	archiveVersion = 1;
	classes = {
	};
	objectVersion = 56;
	objects = {

/* Begin PBXBuildFile section */
		9A209ABE2BD7723D00E876EB /* UserSettings.swift in Sources */ = {isa = PBXBuildFile; fileRef = 9A209ABD2BD7723D00E876EB /* UserSettings.swift */; };
		9A909F202BD749A60064A813 /* login.storyboard in Resources */ = {isa = PBXBuildFile; fileRef = 9A909F1F2BD749A60064A813 /* login.storyboard */; };
		9C3AA3962BD68AC30085206D /* AppDelegate.swift in Sources */ = {isa = PBXBuildFile; fileRef = 9C3AA3952BD68AC30085206D /* AppDelegate.swift */; };
		9C3AA3982BD68AC30085206D /* SceneDelegate.swift in Sources */ = {isa = PBXBuildFile; fileRef = 9C3AA3972BD68AC30085206D /* SceneDelegate.swift */; };
		9C3AA39A2BD68AC30085206D /* MainViewController.swift in Sources */ = {isa = PBXBuildFile; fileRef = 9C3AA3992BD68AC30085206D /* MainViewController.swift */; };
		9C3AA39D2BD68AC30085206D /* Base in Resources */ = {isa = PBXBuildFile; fileRef = 9C3AA39C2BD68AC30085206D /* Base */; };
		9C3AA3A02BD68AC30085206D /* Mega6Box.xcdatamodeld in Sources */ = {isa = PBXBuildFile; fileRef = 9C3AA39E2BD68AC30085206D /* Mega6Box.xcdatamodeld */; };
		9C3AA3A22BD68AC40085206D /* Assets.xcassets in Resources */ = {isa = PBXBuildFile; fileRef = 9C3AA3A12BD68AC40085206D /* Assets.xcassets */; };
		9C3AA3A52BD68AC40085206D /* Base in Resources */ = {isa = PBXBuildFile; fileRef = 9C3AA3A42BD68AC40085206D /* Base */; };
		9C3AA3B02BD6C90E0085206D /* Movie.swift in Sources */ = {isa = PBXBuildFile; fileRef = 9C3AA3AF2BD6C90E0085206D /* Movie.swift */; };
		9C3AA3B42BD6CAA20085206D /* Constants.swift in Sources */ = {isa = PBXBuildFile; fileRef = 9C3AA3B32BD6CAA20085206D /* Constants.swift */; };
/* End PBXBuildFile section */

/* Begin PBXFileReference section */
		9A209ABD2BD7723D00E876EB /* UserSettings.swift */ = {isa = PBXFileReference; lastKnownFileType = sourcecode.swift; path = UserSettings.swift; sourceTree = "<group>"; };
		9A909F1F2BD749A60064A813 /* login.storyboard */ = {isa = PBXFileReference; lastKnownFileType = file.storyboard; path = login.storyboard; sourceTree = "<group>"; };
		9C3AA3922BD68AC30085206D /* Mega6Box.app */ = {isa = PBXFileReference; explicitFileType = wrapper.application; includeInIndex = 0; path = Mega6Box.app; sourceTree = BUILT_PRODUCTS_DIR; };
		9C3AA3952BD68AC30085206D /* AppDelegate.swift */ = {isa = PBXFileReference; lastKnownFileType = sourcecode.swift; path = AppDelegate.swift; sourceTree = "<group>"; };
		9C3AA3972BD68AC30085206D /* SceneDelegate.swift */ = {isa = PBXFileReference; lastKnownFileType = sourcecode.swift; path = SceneDelegate.swift; sourceTree = "<group>"; };
		9C3AA3992BD68AC30085206D /* MainViewController.swift */ = {isa = PBXFileReference; lastKnownFileType = sourcecode.swift; path = MainViewController.swift; sourceTree = "<group>"; };
		9C3AA39C2BD68AC30085206D /* Base */ = {isa = PBXFileReference; lastKnownFileType = file.storyboard; name = Base; path = Base.lproj/Main.storyboard; sourceTree = "<group>"; };
		9C3AA39F2BD68AC30085206D /* Mega6Box.xcdatamodel */ = {isa = PBXFileReference; lastKnownFileType = wrapper.xcdatamodel; path = Mega6Box.xcdatamodel; sourceTree = "<group>"; };
		9C3AA3A12BD68AC40085206D /* Assets.xcassets */ = {isa = PBXFileReference; lastKnownFileType = folder.assetcatalog; path = Assets.xcassets; sourceTree = "<group>"; };
		9C3AA3A42BD68AC40085206D /* Base */ = {isa = PBXFileReference; lastKnownFileType = file.storyboard; name = Base; path = Base.lproj/LaunchScreen.storyboard; sourceTree = "<group>"; };
		9C3AA3A62BD68AC40085206D /* Info.plist */ = {isa = PBXFileReference; lastKnownFileType = text.plist.xml; path = Info.plist; sourceTree = "<group>"; };
		9C3AA3AF2BD6C90E0085206D /* Movie.swift */ = {isa = PBXFileReference; lastKnownFileType = sourcecode.swift; path = Movie.swift; sourceTree = "<group>"; };
		9C3AA3B32BD6CAA20085206D /* Constants.swift */ = {isa = PBXFileReference; lastKnownFileType = sourcecode.swift; path = Constants.swift; sourceTree = "<group>"; };
/* End PBXFileReference section */

/* Begin PBXFrameworksBuildPhase section */
		9C3AA38F2BD68AC30085206D /* Frameworks */ = {
			isa = PBXFrameworksBuildPhase;
			buildActionMask = 2147483647;
			files = (
			);
			runOnlyForDeploymentPostprocessing = 0;
		};
/* End PBXFrameworksBuildPhase section */

/* Begin PBXGroup section */
		9C3AA3892BD68AC30085206D = {
			isa = PBXGroup;
			children = (
				9C3AA3942BD68AC30085206D /* Mega6Box */,
				9C3AA3932BD68AC30085206D /* Products */,
			);
			sourceTree = "<group>";
		};
		9C3AA3932BD68AC30085206D /* Products */ = {
			isa = PBXGroup;
			children = (
				9C3AA3922BD68AC30085206D /* Mega6Box.app */,
			);
			name = Products;
			sourceTree = "<group>";
		};
		9C3AA3942BD68AC30085206D /* Mega6Box */ = {
			isa = PBXGroup;
			children = (
				9C3AA3952BD68AC30085206D /* AppDelegate.swift */,
				9C3AA3972BD68AC30085206D /* SceneDelegate.swift */,
				9C3AA3AC2BD6C88E0085206D /* Model */,
				9C3AA3AD2BD6C89A0085206D /* View */,
				9C3AA3AE2BD6C8AF0085206D /* Controller */,
				9C3AA3A12BD68AC40085206D /* Assets.xcassets */,
				9C3AA3A62BD68AC40085206D /* Info.plist */,
				9C3AA39E2BD68AC30085206D /* Mega6Box.xcdatamodeld */,
			);
			path = Mega6Box;
			sourceTree = "<group>";
		};
		9C3AA3AC2BD6C88E0085206D /* Model */ = {
			isa = PBXGroup;
			children = (
				9C3AA3AF2BD6C90E0085206D /* Movie.swift */,
				9C3AA3B32BD6CAA20085206D /* Constants.swift */,
			);
			path = Model;
			sourceTree = "<group>";
		};
		9C3AA3AD2BD6C89A0085206D /* View */ = {
			isa = PBXGroup;
			children = (
				9C3AA39B2BD68AC30085206D /* Main.storyboard */,
				9A909F1F2BD749A60064A813 /* login.storyboard */,
				9C3AA3A32BD68AC40085206D /* LaunchScreen.storyboard */,
			);
			path = View;
			sourceTree = "<group>";
		};
		9C3AA3AE2BD6C8AF0085206D /* Controller */ = {
			isa = PBXGroup;
			children = (
				9C3AA3992BD68AC30085206D /* MainViewController.swift */,
				9A209ABD2BD7723D00E876EB /* UserSettings.swift */,
			);
			path = Controller;
			sourceTree = "<group>";
		};
/* End PBXGroup section */

/* Begin PBXNativeTarget section */
		9C3AA3912BD68AC30085206D /* Mega6Box */ = {
			isa = PBXNativeTarget;
			buildConfigurationList = 9C3AA3A92BD68AC40085206D /* Build configuration list for PBXNativeTarget "Mega6Box" */;
			buildPhases = (
				9C3AA38E2BD68AC30085206D /* Sources */,
				9C3AA38F2BD68AC30085206D /* Frameworks */,
				9C3AA3902BD68AC30085206D /* Resources */,
			);
			buildRules = (
			);
			dependencies = (
			);
			name = Mega6Box;
			productName = Mega6Box;
			productReference = 9C3AA3922BD68AC30085206D /* Mega6Box.app */;
			productType = "com.apple.product-type.application";
		};
/* End PBXNativeTarget section */

/* Begin PBXProject section */
		9C3AA38A2BD68AC30085206D /* Project object */ = {
			isa = PBXProject;
			attributes = {
				BuildIndependentTargetsInParallel = 1;
				LastSwiftUpdateCheck = 1530;
				LastUpgradeCheck = 1530;
				TargetAttributes = {
					9C3AA3912BD68AC30085206D = {
						CreatedOnToolsVersion = 15.3;
					};
				};
			};
			buildConfigurationList = 9C3AA38D2BD68AC30085206D /* Build configuration list for PBXProject "Mega6Box" */;
			compatibilityVersion = "Xcode 14.0";
			developmentRegion = en;
			hasScannedForEncodings = 0;
			knownRegions = (
				en,
				Base,
			);
			mainGroup = 9C3AA3892BD68AC30085206D;
			productRefGroup = 9C3AA3932BD68AC30085206D /* Products */;
			projectDirPath = "";
			projectRoot = "";
			targets = (
				9C3AA3912BD68AC30085206D /* Mega6Box */,
			);
		};
/* End PBXProject section */

/* Begin PBXResourcesBuildPhase section */
		9C3AA3902BD68AC30085206D /* Resources */ = {
			isa = PBXResourcesBuildPhase;
			buildActionMask = 2147483647;
			files = (
				9A909F202BD749A60064A813 /* login.storyboard in Resources */,
				9C3AA3A22BD68AC40085206D /* Assets.xcassets in Resources */,
				9C3AA3A52BD68AC40085206D /* Base in Resources */,
				9C3AA39D2BD68AC30085206D /* Base in Resources */,
			);
			runOnlyForDeploymentPostprocessing = 0;
		};
/* End PBXResourcesBuildPhase section */

/* Begin PBXSourcesBuildPhase section */
		9C3AA38E2BD68AC30085206D /* Sources */ = {
			isa = PBXSourcesBuildPhase;
			buildActionMask = 2147483647;
			files = (
				9C3AA39A2BD68AC30085206D /* MainViewController.swift in Sources */,
				9C3AA3962BD68AC30085206D /* AppDelegate.swift in Sources */,
				9C3AA3A02BD68AC30085206D /* Mega6Box.xcdatamodeld in Sources */,
				9C3AA3B42BD6CAA20085206D /* Constants.swift in Sources */,
				9A209ABE2BD7723D00E876EB /* UserSettings.swift in Sources */,
				9C3AA3982BD68AC30085206D /* SceneDelegate.swift in Sources */,
				9C3AA3B02BD6C90E0085206D /* Movie.swift in Sources */,
			);
			runOnlyForDeploymentPostprocessing = 0;
		};
/* End PBXSourcesBuildPhase section */

/* Begin PBXVariantGroup section */
		9C3AA39B2BD68AC30085206D /* Main.storyboard */ = {
			isa = PBXVariantGroup;
			children = (
				9C3AA39C2BD68AC30085206D /* Base */,
			);
			name = Main.storyboard;
			sourceTree = "<group>";
		};
		9C3AA3A32BD68AC40085206D /* LaunchScreen.storyboard */ = {
			isa = PBXVariantGroup;
			children = (
				9C3AA3A42BD68AC40085206D /* Base */,
			);
			name = LaunchScreen.storyboard;
			sourceTree = "<group>";
		};
/* End PBXVariantGroup section */

/* Begin XCBuildConfiguration section */
		9C3AA3A72BD68AC40085206D /* Debug */ = {
			isa = XCBuildConfiguration;
			buildSettings = {
				ALWAYS_SEARCH_USER_PATHS = NO;
				ASSETCATALOG_COMPILER_GENERATE_SWIFT_ASSET_SYMBOL_EXTENSIONS = YES;
				CLANG_ANALYZER_NONNULL = YES;
				CLANG_ANALYZER_NUMBER_OBJECT_CONVERSION = YES_AGGRESSIVE;
				CLANG_CXX_LANGUAGE_STANDARD = "gnu++20";
				CLANG_ENABLE_MODULES = YES;
				CLANG_ENABLE_OBJC_ARC = YES;
				CLANG_ENABLE_OBJC_WEAK = YES;
				CLANG_WARN_BLOCK_CAPTURE_AUTORELEASING = YES;
				CLANG_WARN_BOOL_CONVERSION = YES;
				CLANG_WARN_COMMA = YES;
				CLANG_WARN_CONSTANT_CONVERSION = YES;
				CLANG_WARN_DEPRECATED_OBJC_IMPLEMENTATIONS = YES;
				CLANG_WARN_DIRECT_OBJC_ISA_USAGE = YES_ERROR;
				CLANG_WARN_DOCUMENTATION_COMMENTS = YES;
				CLANG_WARN_EMPTY_BODY = YES;
				CLANG_WARN_ENUM_CONVERSION = YES;
				CLANG_WARN_INFINITE_RECURSION = YES;
				CLANG_WARN_INT_CONVERSION = YES;
				CLANG_WARN_NON_LITERAL_NULL_CONVERSION = YES;
				CLANG_WARN_OBJC_IMPLICIT_RETAIN_SELF = YES;
				CLANG_WARN_OBJC_LITERAL_CONVERSION = YES;
				CLANG_WARN_OBJC_ROOT_CLASS = YES_ERROR;
				CLANG_WARN_QUOTED_INCLUDE_IN_FRAMEWORK_HEADER = YES;
				CLANG_WARN_RANGE_LOOP_ANALYSIS = YES;
				CLANG_WARN_STRICT_PROTOTYPES = YES;
				CLANG_WARN_SUSPICIOUS_MOVE = YES;
				CLANG_WARN_UNGUARDED_AVAILABILITY = YES_AGGRESSIVE;
				CLANG_WARN_UNREACHABLE_CODE = YES;
				CLANG_WARN__DUPLICATE_METHOD_MATCH = YES;
				COPY_PHASE_STRIP = NO;
				DEBUG_INFORMATION_FORMAT = dwarf;
				ENABLE_STRICT_OBJC_MSGSEND = YES;
				ENABLE_TESTABILITY = YES;
				ENABLE_USER_SCRIPT_SANDBOXING = YES;
				GCC_C_LANGUAGE_STANDARD = gnu17;
				GCC_DYNAMIC_NO_PIC = NO;
				GCC_NO_COMMON_BLOCKS = YES;
				GCC_OPTIMIZATION_LEVEL = 0;
				GCC_PREPROCESSOR_DEFINITIONS = (
					"DEBUG=1",
					"$(inherited)",
				);
				GCC_WARN_64_TO_32_BIT_CONVERSION = YES;
				GCC_WARN_ABOUT_RETURN_TYPE = YES_ERROR;
				GCC_WARN_UNDECLARED_SELECTOR = YES;
				GCC_WARN_UNINITIALIZED_AUTOS = YES_AGGRESSIVE;
				GCC_WARN_UNUSED_FUNCTION = YES;
				GCC_WARN_UNUSED_VARIABLE = YES;
				IPHONEOS_DEPLOYMENT_TARGET = 17.4;
				LOCALIZATION_PREFERS_STRING_CATALOGS = YES;
				MTL_ENABLE_DEBUG_INFO = INCLUDE_SOURCE;
				MTL_FAST_MATH = YES;
				ONLY_ACTIVE_ARCH = YES;
				SDKROOT = iphoneos;
				SWIFT_ACTIVE_COMPILATION_CONDITIONS = "DEBUG $(inherited)";
				SWIFT_OPTIMIZATION_LEVEL = "-Onone";
			};
			name = Debug;
		};
		9C3AA3A82BD68AC40085206D /* Release */ = {
			isa = XCBuildConfiguration;
			buildSettings = {
				ALWAYS_SEARCH_USER_PATHS = NO;
				ASSETCATALOG_COMPILER_GENERATE_SWIFT_ASSET_SYMBOL_EXTENSIONS = YES;
				CLANG_ANALYZER_NONNULL = YES;
				CLANG_ANALYZER_NUMBER_OBJECT_CONVERSION = YES_AGGRESSIVE;
				CLANG_CXX_LANGUAGE_STANDARD = "gnu++20";
				CLANG_ENABLE_MODULES = YES;
				CLANG_ENABLE_OBJC_ARC = YES;
				CLANG_ENABLE_OBJC_WEAK = YES;
				CLANG_WARN_BLOCK_CAPTURE_AUTORELEASING = YES;
				CLANG_WARN_BOOL_CONVERSION = YES;
				CLANG_WARN_COMMA = YES;
				CLANG_WARN_CONSTANT_CONVERSION = YES;
				CLANG_WARN_DEPRECATED_OBJC_IMPLEMENTATIONS = YES;
				CLANG_WARN_DIRECT_OBJC_ISA_USAGE = YES_ERROR;
				CLANG_WARN_DOCUMENTATION_COMMENTS = YES;
				CLANG_WARN_EMPTY_BODY = YES;
				CLANG_WARN_ENUM_CONVERSION = YES;
				CLANG_WARN_INFINITE_RECURSION = YES;
				CLANG_WARN_INT_CONVERSION = YES;
				CLANG_WARN_NON_LITERAL_NULL_CONVERSION = YES;
				CLANG_WARN_OBJC_IMPLICIT_RETAIN_SELF = YES;
				CLANG_WARN_OBJC_LITERAL_CONVERSION = YES;
				CLANG_WARN_OBJC_ROOT_CLASS = YES_ERROR;
				CLANG_WARN_QUOTED_INCLUDE_IN_FRAMEWORK_HEADER = YES;
				CLANG_WARN_RANGE_LOOP_ANALYSIS = YES;
				CLANG_WARN_STRICT_PROTOTYPES = YES;
				CLANG_WARN_SUSPICIOUS_MOVE = YES;
				CLANG_WARN_UNGUARDED_AVAILABILITY = YES_AGGRESSIVE;
				CLANG_WARN_UNREACHABLE_CODE = YES;
				CLANG_WARN__DUPLICATE_METHOD_MATCH = YES;
				COPY_PHASE_STRIP = NO;
				DEBUG_INFORMATION_FORMAT = "dwarf-with-dsym";
				ENABLE_NS_ASSERTIONS = NO;
				ENABLE_STRICT_OBJC_MSGSEND = YES;
				ENABLE_USER_SCRIPT_SANDBOXING = YES;
				GCC_C_LANGUAGE_STANDARD = gnu17;
				GCC_NO_COMMON_BLOCKS = YES;
				GCC_WARN_64_TO_32_BIT_CONVERSION = YES;
				GCC_WARN_ABOUT_RETURN_TYPE = YES_ERROR;
				GCC_WARN_UNDECLARED_SELECTOR = YES;
				GCC_WARN_UNINITIALIZED_AUTOS = YES_AGGRESSIVE;
				GCC_WARN_UNUSED_FUNCTION = YES;
				GCC_WARN_UNUSED_VARIABLE = YES;
				IPHONEOS_DEPLOYMENT_TARGET = 17.4;
				LOCALIZATION_PREFERS_STRING_CATALOGS = YES;
				MTL_ENABLE_DEBUG_INFO = NO;
				MTL_FAST_MATH = YES;
				SDKROOT = iphoneos;
				SWIFT_COMPILATION_MODE = wholemodule;
				VALIDATE_PRODUCT = YES;
			};
			name = Release;
		};
		9C3AA3AA2BD68AC40085206D /* Debug */ = {
			isa = XCBuildConfiguration;
			buildSettings = {
				ASSETCATALOG_COMPILER_APPICON_NAME = AppIcon;
				ASSETCATALOG_COMPILER_GLOBAL_ACCENT_COLOR_NAME = AccentColor;
				CODE_SIGN_STYLE = Automatic;
				CURRENT_PROJECT_VERSION = 1;
				GENERATE_INFOPLIST_FILE = YES;
				INFOPLIST_FILE = Mega6Box/Info.plist;
				INFOPLIST_KEY_UIApplicationSupportsIndirectInputEvents = YES;
				INFOPLIST_KEY_UILaunchStoryboardName = LaunchScreen;
				INFOPLIST_KEY_UIMainStoryboardFile = Main;
				INFOPLIST_KEY_UISupportedInterfaceOrientations = UIInterfaceOrientationPortrait;
				INFOPLIST_KEY_UISupportedInterfaceOrientations_iPad = "UIInterfaceOrientationLandscapeLeft UIInterfaceOrientationLandscapeRight UIInterfaceOrientationPortrait UIInterfaceOrientationPortraitUpsideDown";
				IPHONEOS_DEPLOYMENT_TARGET = 16.6;
				LD_RUNPATH_SEARCH_PATHS = (
					"$(inherited)",
					"@executable_path/Frameworks",
				);
				MARKETING_VERSION = 1.0;
				PRODUCT_BUNDLE_IDENTIFIER = com.imhs.Mega6Box;
				PRODUCT_NAME = "$(TARGET_NAME)";
				SUPPORTED_PLATFORMS = "iphoneos iphonesimulator";
				SUPPORTS_MACCATALYST = NO;
				SUPPORTS_MAC_DESIGNED_FOR_IPHONE_IPAD = NO;
				SUPPORTS_XR_DESIGNED_FOR_IPHONE_IPAD = NO;
				SWIFT_EMIT_LOC_STRINGS = YES;
				SWIFT_VERSION = 5.0;
				TARGETED_DEVICE_FAMILY = 1;
			};
			name = Debug;
		};
		9C3AA3AB2BD68AC40085206D /* Release */ = {
			isa = XCBuildConfiguration;
			buildSettings = {
				ASSETCATALOG_COMPILER_APPICON_NAME = AppIcon;
				ASSETCATALOG_COMPILER_GLOBAL_ACCENT_COLOR_NAME = AccentColor;
				CODE_SIGN_STYLE = Automatic;
				CURRENT_PROJECT_VERSION = 1;
				GENERATE_INFOPLIST_FILE = YES;
				INFOPLIST_FILE = Mega6Box/Info.plist;
				INFOPLIST_KEY_UIApplicationSupportsIndirectInputEvents = YES;
				INFOPLIST_KEY_UILaunchStoryboardName = LaunchScreen;
				INFOPLIST_KEY_UIMainStoryboardFile = Main;
				INFOPLIST_KEY_UISupportedInterfaceOrientations = UIInterfaceOrientationPortrait;
				INFOPLIST_KEY_UISupportedInterfaceOrientations_iPad = "UIInterfaceOrientationLandscapeLeft UIInterfaceOrientationLandscapeRight UIInterfaceOrientationPortrait UIInterfaceOrientationPortraitUpsideDown";
				IPHONEOS_DEPLOYMENT_TARGET = 16.6;
				LD_RUNPATH_SEARCH_PATHS = (
					"$(inherited)",
					"@executable_path/Frameworks",
				);
				MARKETING_VERSION = 1.0;
				PRODUCT_BUNDLE_IDENTIFIER = com.imhs.Mega6Box;
				PRODUCT_NAME = "$(TARGET_NAME)";
				SUPPORTED_PLATFORMS = "iphoneos iphonesimulator";
				SUPPORTS_MACCATALYST = NO;
				SUPPORTS_MAC_DESIGNED_FOR_IPHONE_IPAD = NO;
				SUPPORTS_XR_DESIGNED_FOR_IPHONE_IPAD = NO;
				SWIFT_EMIT_LOC_STRINGS = YES;
				SWIFT_VERSION = 5.0;
				TARGETED_DEVICE_FAMILY = 1;
			};
			name = Release;
		};
/* End XCBuildConfiguration section */

/* Begin XCConfigurationList section */
		9C3AA38D2BD68AC30085206D /* Build configuration list for PBXProject "Mega6Box" */ = {
			isa = XCConfigurationList;
			buildConfigurations = (
				9C3AA3A72BD68AC40085206D /* Debug */,
				9C3AA3A82BD68AC40085206D /* Release */,
			);
			defaultConfigurationIsVisible = 0;
			defaultConfigurationName = Release;
		};
		9C3AA3A92BD68AC40085206D /* Build configuration list for PBXNativeTarget "Mega6Box" */ = {
			isa = XCConfigurationList;
			buildConfigurations = (
				9C3AA3AA2BD68AC40085206D /* Debug */,
				9C3AA3AB2BD68AC40085206D /* Release */,
			);
			defaultConfigurationIsVisible = 0;
			defaultConfigurationName = Release;
		};
/* End XCConfigurationList section */

/* Begin XCVersionGroup section */
		9C3AA39E2BD68AC30085206D /* Mega6Box.xcdatamodeld */ = {
			isa = XCVersionGroup;
			children = (
				9C3AA39F2BD68AC30085206D /* Mega6Box.xcdatamodel */,
			);
			currentVersion = 9C3AA39F2BD68AC30085206D /* Mega6Box.xcdatamodel */;
			path = Mega6Box.xcdatamodeld;
			sourceTree = "<group>";
			versionGroupType = wrapper.xcdatamodel;
		};
/* End XCVersionGroup section */
	};
	rootObject = 9C3AA38A2BD68AC30085206D /* Project object */;
}
